// !$*UTF8*$!
{
	archiveVersion = 1;
	classes = {
	};
	objectVersion = 50;
	objects = {

/* Begin PBXBuildFile section */
		9CF165EE241A5AD300719ED1 /* AppDelegate.swift in Sources */ = {isa = PBXBuildFile; fileRef = 9CF165ED241A5AD300719ED1 /* AppDelegate.swift */; };
		9CF165F0241A5AD300719ED1 /* SceneDelegate.swift in Sources */ = {isa = PBXBuildFile; fileRef = 9CF165EF241A5AD300719ED1 /* SceneDelegate.swift */; };
		9CF165F2241A5AD300719ED1 /* ViewController.swift in Sources */ = {isa = PBXBuildFile; fileRef = 9CF165F1241A5AD300719ED1 /* ViewController.swift */; };
		9CF165F5241A5AD300719ED1 /* Main.storyboard in Resources */ = {isa = PBXBuildFile; fileRef = 9CF165F3241A5AD300719ED1 /* Main.storyboard */; };
		9CF165F7241A5AD400719ED1 /* Assets.xcassets in Resources */ = {isa = PBXBuildFile; fileRef = 9CF165F6241A5AD400719ED1 /* Assets.xcassets */; };
		9CF165FA241A5AD400719ED1 /* LaunchScreen.storyboard in Resources */ = {isa = PBXBuildFile; fileRef = 9CF165F8241A5AD400719ED1 /* LaunchScreen.storyboard */; };
		C40C1E3CAE927355D3FCA9D8 /* libPods-ExpandableDynamicTableViewCellExample.a in Frameworks */ = {isa = PBXBuildFile; fileRef = F50F4F62A51E234AA0DAC0CA /* libPods-ExpandableDynamicTableViewCellExample.a */; };
/* End PBXBuildFile section */

/* Begin PBXFileReference section */
		1479B392357E8E54333FC952 /* Pods-ExpandableDynamicTableViewCellExample.debug.xcconfig */ = {isa = PBXFileReference; includeInIndex = 1; lastKnownFileType = text.xcconfig; name = "Pods-ExpandableDynamicTableViewCellExample.debug.xcconfig"; path = "Target Support Files/Pods-ExpandableDynamicTableViewCellExample/Pods-ExpandableDynamicTableViewCellExample.debug.xcconfig"; sourceTree = "<group>"; };
		9CF165EA241A5AD300719ED1 /* ExpandableDynamicTableViewCellExample.app */ = {isa = PBXFileReference; explicitFileType = wrapper.application; includeInIndex = 0; path = ExpandableDynamicTableViewCellExample.app; sourceTree = BUILT_PRODUCTS_DIR; };
		9CF165ED241A5AD300719ED1 /* AppDelegate.swift */ = {isa = PBXFileReference; lastKnownFileType = sourcecode.swift; path = AppDelegate.swift; sourceTree = "<group>"; };
		9CF165EF241A5AD300719ED1 /* SceneDelegate.swift */ = {isa = PBXFileReference; lastKnownFileType = sourcecode.swift; path = SceneDelegate.swift; sourceTree = "<group>"; };
		9CF165F1241A5AD300719ED1 /* ViewController.swift */ = {isa = PBXFileReference; lastKnownFileType = sourcecode.swift; path = ViewController.swift; sourceTree = "<group>"; };
		9CF165F4241A5AD300719ED1 /* Base */ = {isa = PBXFileReference; lastKnownFileType = file.storyboard; name = Base; path = Base.lproj/Main.storyboard; sourceTree = "<group>"; };
		9CF165F6241A5AD400719ED1 /* Assets.xcassets */ = {isa = PBXFileReference; lastKnownFileType = folder.assetcatalog; path = Assets.xcassets; sourceTree = "<group>"; };
		9CF165F9241A5AD400719ED1 /* Base */ = {isa = PBXFileReference; lastKnownFileType = file.storyboard; name = Base; path = Base.lproj/LaunchScreen.storyboard; sourceTree = "<group>"; };
		9CF165FB241A5AD400719ED1 /* Info.plist */ = {isa = PBXFileReference; lastKnownFileType = text.plist.xml; path = Info.plist; sourceTree = "<group>"; };
		AE01142A03ED851817B5DFC3 /* Pods-ExpandableDynamicTableViewCellExample.release.xcconfig */ = {isa = PBXFileReference; includeInIndex = 1; lastKnownFileType = text.xcconfig; name = "Pods-ExpandableDynamicTableViewCellExample.release.xcconfig"; path = "Target Support Files/Pods-ExpandableDynamicTableViewCellExample/Pods-ExpandableDynamicTableViewCellExample.release.xcconfig"; sourceTree = "<group>"; };
		F50F4F62A51E234AA0DAC0CA /* libPods-ExpandableDynamicTableViewCellExample.a */ = {isa = PBXFileReference; explicitFileType = archive.ar; includeInIndex = 0; path = "libPods-ExpandableDynamicTableViewCellExample.a"; sourceTree = BUILT_PRODUCTS_DIR; };
/* End PBXFileReference section */

/* Begin PBXFrameworksBuildPhase section */
		9CF165E7241A5AD300719ED1 /* Frameworks */ = {
			isa = PBXFrameworksBuildPhase;
			buildActionMask = 2147483647;
			files = (
				C40C1E3CAE927355D3FCA9D8 /* libPods-ExpandableDynamicTableViewCellExample.a in Frameworks */,
			);
			runOnlyForDeploymentPostprocessing = 0;
		};
/* End PBXFrameworksBuildPhase section */

/* Begin PBXGroup section */
		176A6DCD94354941B58B852A /* Pods */ = {
			isa = PBXGroup;
			children = (
				1479B392357E8E54333FC952 /* Pods-ExpandableDynamicTableViewCellExample.debug.xcconfig */,
				AE01142A03ED851817B5DFC3 /* Pods-ExpandableDynamicTableViewCellExample.release.xcconfig */,
			);
			path = Pods;
			sourceTree = "<group>";
		};
		440FE860267308C04A94A844 /* Frameworks */ = {
			isa = PBXGroup;
			children = (
				F50F4F62A51E234AA0DAC0CA /* libPods-ExpandableDynamicTableViewCellExample.a */,
			);
			name = Frameworks;
			sourceTree = "<group>";
		};
		9CF165E1241A5AD300719ED1 = {
			isa = PBXGroup;
			children = (
				9CF165EC241A5AD300719ED1 /* ExpandableDynamicTableViewCellExample */,
				9CF165EB241A5AD300719ED1 /* Products */,
				176A6DCD94354941B58B852A /* Pods */,
				440FE860267308C04A94A844 /* Frameworks */,
			);
			sourceTree = "<group>";
		};
		9CF165EB241A5AD300719ED1 /* Products */ = {
			isa = PBXGroup;
			children = (
				9CF165EA241A5AD300719ED1 /* ExpandableDynamicTableViewCellExample.app */,
			);
			name = Products;
			sourceTree = "<group>";
		};
		9CF165EC241A5AD300719ED1 /* ExpandableDynamicTableViewCellExample */ = {
			isa = PBXGroup;
			children = (
				9CF165ED241A5AD300719ED1 /* AppDelegate.swift */,
				9CF165EF241A5AD300719ED1 /* SceneDelegate.swift */,
				9CF165F1241A5AD300719ED1 /* ViewController.swift */,
				9CF165F3241A5AD300719ED1 /* Main.storyboard */,
				9CF165F6241A5AD400719ED1 /* Assets.xcassets */,
				9CF165F8241A5AD400719ED1 /* LaunchScreen.storyboard */,
				9CF165FB241A5AD400719ED1 /* Info.plist */,
			);
			path = ExpandableDynamicTableViewCellExample;
			sourceTree = "<group>";
		};
/* End PBXGroup section */

/* Begin PBXNativeTarget section */
		9CF165E9241A5AD300719ED1 /* ExpandableDynamicTableViewCellExample */ = {
			isa = PBXNativeTarget;
			buildConfigurationList = 9CF165FE241A5AD400719ED1 /* Build configuration list for PBXNativeTarget "ExpandableDynamicTableViewCellExample" */;
			buildPhases = (
				903344F7CD77C6845A8CAD64 /* [CP] Check Pods Manifest.lock */,
				9CF165E6241A5AD300719ED1 /* Sources */,
				9CF165E7241A5AD300719ED1 /* Frameworks */,
				9CF165E8241A5AD300719ED1 /* Resources */,
			);
			buildRules = (
			);
			dependencies = (
			);
			name = ExpandableDynamicTableViewCellExample;
			productName = ExpandableDynamicTableViewCellExample;
			productReference = 9CF165EA241A5AD300719ED1 /* ExpandableDynamicTableViewCellExample.app */;
			productType = "com.apple.product-type.application";
		};
/* End PBXNativeTarget section */

/* Begin PBXProject section */
		9CF165E2241A5AD300719ED1 /* Project object */ = {
			isa = PBXProject;
			attributes = {
				LastSwiftUpdateCheck = 1130;
				LastUpgradeCheck = 1130;
				ORGANIZATIONNAME = Soso;
				TargetAttributes = {
					9CF165E9241A5AD300719ED1 = {
						CreatedOnToolsVersion = 11.3.1;
					};
				};
			};
			buildConfigurationList = 9CF165E5241A5AD300719ED1 /* Build configuration list for PBXProject "ExpandableDynamicTableViewCellExample" */;
			compatibilityVersion = "Xcode 9.3";
			developmentRegion = en;
			hasScannedForEncodings = 0;
			knownRegions = (
				en,
				Base,
			);
			mainGroup = 9CF165E1241A5AD300719ED1;
			productRefGroup = 9CF165EB241A5AD300719ED1 /* Products */;
			projectDirPath = "";
			projectRoot = "";
			targets = (
				9CF165E9241A5AD300719ED1 /* ExpandableDynamicTableViewCellExample */,
			);
		};
/* End PBXProject section */

/* Begin PBXResourcesBuildPhase section */
		9CF165E8241A5AD300719ED1 /* Resources */ = {
			isa = PBXResourcesBuildPhase;
			buildActionMask = 2147483647;
			files = (
				9CF165FA241A5AD400719ED1 /* LaunchScreen.storyboard in Resources */,
				9CF165F7241A5AD400719ED1 /* Assets.xcassets in Resources */,
				9CF165F5241A5AD300719ED1 /* Main.storyboard in Resources */,
			);
			runOnlyForDeploymentPostprocessing = 0;
		};
/* End PBXResourcesBuildPhase section */

/* Begin PBXShellScriptBuildPhase section */
		903344F7CD77C6845A8CAD64 /* [CP] Check Pods Manifest.lock */ = {
			isa = PBXShellScriptBuildPhase;
			buildActionMask = 2147483647;
			files = (
			);
			inputFileListPaths = (
			);
			inputPaths = (
				"${PODS_PODFILE_DIR_PATH}/Podfile.lock",
				"${PODS_ROOT}/Manifest.lock",
			);
			name = "[CP] Check Pods Manifest.lock";
			outputFileListPaths = (
			);
			outputPaths = (
				"$(DERIVED_FILE_DIR)/Pods-ExpandableDynamicTableViewCellExample-checkManifestLockResult.txt",
			);
			runOnlyForDeploymentPostprocessing = 0;
			shellPath = /bin/sh;
			shellScript = "diff \"${PODS_PODFILE_DIR_PATH}/Podfile.lock\" \"${PODS_ROOT}/Manifest.lock\" > /dev/null\nif [ $? != 0 ] ; then\n    # print error to STDERR\n    echo \"error: The sandbox is not in sync with the Podfile.lock. Run 'pod install' or update your CocoaPods installation.\" >&2\n    exit 1\nfi\n# This output is used by Xcode 'outputs' to avoid re-running this script phase.\necho \"SUCCESS\" > \"${SCRIPT_OUTPUT_FILE_0}\"\n";
			showEnvVarsInLog = 0;
		};
/* End PBXShellScriptBuildPhase section */

/* Begin PBXSourcesBuildPhase section */
		9CF165E6241A5AD300719ED1 /* Sources */ = {
			isa = PBXSourcesBuildPhase;
			buildActionMask = 2147483647;
			files = (
				9CF165F2241A5AD300719ED1 /* ViewController.swift in Sources */,
				9CF165EE241A5AD300719ED1 /* AppDelegate.swift in Sources */,
				9CF165F0241A5AD300719ED1 /* SceneDelegate.swift in Sources */,
			);
			runOnlyForDeploymentPostprocessing = 0;
		};
/* End PBXSourcesBuildPhase section */

/* Begin PBXVariantGroup section */
		9CF165F3241A5AD300719ED1 /* Main.storyboard */ = {
			isa = PBXVariantGroup;
			children = (
				9CF165F4241A5AD300719ED1 /* Base */,
			);
			name = Main.storyboard;
			sourceTree = "<group>";
		};
		9CF165F8241A5AD400719ED1 /* LaunchScreen.storyboard */ = {
			isa = PBXVariantGroup;
			children = (
				9CF165F9241A5AD400719ED1 /* Base */,
			);
			name = LaunchScreen.storyboard;
			sourceTree = "<group>";
		};
/* End PBXVariantGroup section */

/* Begin XCBuildConfiguration section */
		9CF165FC241A5AD400719ED1 /* Debug */ = {
			isa = XCBuildConfiguration;
			buildSettings = {
				ALWAYS_SEARCH_USER_PATHS = NO;
				CLANG_ANALYZER_NONNULL = YES;
				CLANG_ANALYZER_NUMBER_OBJECT_CONVERSION = YES_AGGRESSIVE;
				CLANG_CXX_LANGUAGE_STANDARD = "gnu++14";
				CLANG_CXX_LIBRARY = "libc++";
				CLANG_ENABLE_MODULES = YES;
				CLANG_ENABLE_OBJC_ARC = YES;
				CLANG_ENABLE_OBJC_WEAK = YES;
				CLANG_WARN_BLOCK_CAPTURE_AUTORELEASING = YES;
				CLANG_WARN_BOOL_CONVERSION = YES;
				CLANG_WARN_COMMA = YES;
				CLANG_WARN_CONSTANT_CONVERSION = YES;
				CLANG_WARN_DEPRECATED_OBJC_IMPLEMENTATIONS = YES;
				CLANG_WARN_DIRECT_OBJC_ISA_USAGE = YES_ERROR;
				CLANG_WARN_DOCUMENTATION_COMMENTS = YES;
				CLANG_WARN_EMPTY_BODY = YES;
				CLANG_WARN_ENUM_CONVERSION = YES;
				CLANG_WARN_INFINITE_RECURSION = YES;
				CLANG_WARN_INT_CONVERSION = YES;
				CLANG_WARN_NON_LITERAL_NULL_CONVERSION = YES;
				CLANG_WARN_OBJC_IMPLICIT_RETAIN_SELF = YES;
				CLANG_WARN_OBJC_LITERAL_CONVERSION = YES;
				CLANG_WARN_OBJC_ROOT_CLASS = YES_ERROR;
				CLANG_WARN_RANGE_LOOP_ANALYSIS = YES;
				CLANG_WARN_STRICT_PROTOTYPES = YES;
				CLANG_WARN_SUSPICIOUS_MOVE = YES;
				CLANG_WARN_UNGUARDED_AVAILABILITY = YES_AGGRESSIVE;
				CLANG_WARN_UNREACHABLE_CODE = YES;
				CLANG_WARN__DUPLICATE_METHOD_MATCH = YES;
				COPY_PHASE_STRIP = NO;
				DEBUG_INFORMATION_FORMAT = dwarf;
				ENABLE_STRICT_OBJC_MSGSEND = YES;
				ENABLE_TESTABILITY = YES;
				GCC_C_LANGUAGE_STANDARD = gnu11;
				GCC_DYNAMIC_NO_PIC = NO;
				GCC_NO_COMMON_BLOCKS = YES;
				GCC_OPTIMIZATION_LEVEL = 0;
				GCC_PREPROCESSOR_DEFINITIONS = (
					"DEBUG=1",
					"$(inherited)",
				);
				GCC_WARN_64_TO_32_BIT_CONVERSION = YES;
				GCC_WARN_ABOUT_RETURN_TYPE = YES_ERROR;
				GCC_WARN_UNDECLARED_SELECTOR = YES;
				GCC_WARN_UNINITIALIZED_AUTOS = YES_AGGRESSIVE;
				GCC_WARN_UNUSED_FUNCTION = YES;
				GCC_WARN_UNUSED_VARIABLE = YES;
				IPHONEOS_DEPLOYMENT_TARGET = 13.2;
				MTL_ENABLE_DEBUG_INFO = INCLUDE_SOURCE;
				MTL_FAST_MATH = YES;
				ONLY_ACTIVE_ARCH = YES;
				SDKROOT = iphoneos;
				SWIFT_ACTIVE_COMPILATION_CONDITIONS = DEBUG;
				SWIFT_OPTIMIZATION_LEVEL = "-Onone";
			};
			name = Debug;
		};
		9CF165FD241A5AD400719ED1 /* Release */ = {
			isa = XCBuildConfiguration;
			buildSettings = {
				ALWAYS_SEARCH_USER_PATHS = NO;
				CLANG_ANALYZER_NONNULL = YES;
				CLANG_ANALYZER_NUMBER_OBJECT_CONVERSION = YES_AGGRESSIVE;
				CLANG_CXX_LANGUAGE_STANDARD = "gnu++14";
				CLANG_CXX_LIBRARY = "libc++";
				CLANG_ENABLE_MODULES = YES;
				CLANG_ENABLE_OBJC_ARC = YES;
				CLANG_ENABLE_OBJC_WEAK = YES;
				CLANG_WARN_BLOCK_CAPTURE_AUTORELEASING = YES;
				CLANG_WARN_BOOL_CONVERSION = YES;
				CLANG_WARN_COMMA = YES;
				CLANG_WARN_CONSTANT_CONVERSION = YES;
				CLANG_WARN_DEPRECATED_OBJC_IMPLEMENTATIONS = YES;
				CLANG_WARN_DIRECT_OBJC_ISA_USAGE = YES_ERROR;
				CLANG_WARN_DOCUMENTATION_COMMENTS = YES;
				CLANG_WARN_EMPTY_BODY = YES;
				CLANG_WARN_ENUM_CONVERSION = YES;
				CLANG_WARN_INFINITE_RECURSION = YES;
				CLANG_WARN_INT_CONVERSION = YES;
				CLANG_WARN_NON_LITERAL_NULL_CONVERSION = YES;
				CLANG_WARN_OBJC_IMPLICIT_RETAIN_SELF = YES;
				CLANG_WARN_OBJC_LITERAL_CONVERSION = YES;
				CLANG_WARN_OBJC_ROOT_CLASS = YES_ERROR;
				CLANG_WARN_RANGE_LOOP_ANALYSIS = YES;
				CLANG_WARN_STRICT_PROTOTYPES = YES;
				CLANG_WARN_SUSPICIOUS_MOVE = YES;
				CLANG_WARN_UNGUARDED_AVAILABILITY = YES_AGGRESSIVE;
				CLANG_WARN_UNREACHABLE_CODE = YES;
				CLANG_WARN__DUPLICATE_METHOD_MATCH = YES;
				COPY_PHASE_STRIP = NO;
				DEBUG_INFORMATION_FORMAT = "dwarf-with-dsym";
				ENABLE_NS_ASSERTIONS = NO;
				ENABLE_STRICT_OBJC_MSGSEND = YES;
				GCC_C_LANGUAGE_STANDARD = gnu11;
				GCC_NO_COMMON_BLOCKS = YES;
				GCC_WARN_64_TO_32_BIT_CONVERSION = YES;
				GCC_WARN_ABOUT_RETURN_TYPE = YES_ERROR;
				GCC_WARN_UNDECLARED_SELECTOR = YES;
				GCC_WARN_UNINITIALIZED_AUTOS = YES_AGGRESSIVE;
				GCC_WARN_UNUSED_FUNCTION = YES;
				GCC_WARN_UNUSED_VARIABLE = YES;
				IPHONEOS_DEPLOYMENT_TARGET = 13.2;
				MTL_ENABLE_DEBUG_INFO = NO;
				MTL_FAST_MATH = YES;
				SDKROOT = iphoneos;
				SWIFT_COMPILATION_MODE = wholemodule;
				SWIFT_OPTIMIZATION_LEVEL = "-O";
				VALIDATE_PRODUCT = YES;
			};
			name = Release;
		};
		9CF165FF241A5AD400719ED1 /* Debug */ = {
			isa = XCBuildConfiguration;
			baseConfigurationReference = 1479B392357E8E54333FC952 /* Pods-ExpandableDynamicTableViewCellExample.debug.xcconfig */;
			buildSettings = {
				ASSETCATALOG_COMPILER_APPICON_NAME = AppIcon;
				CODE_SIGN_STYLE = Automatic;
				DEVELOPMENT_TEAM = P37C4Y6Q82;
				INFOPLIST_FILE = ExpandableDynamicTableViewCellExample/Info.plist;
				LD_RUNPATH_SEARCH_PATHS = (
					"$(inherited)",
					"@executable_path/Frameworks",
				);
				PRODUCT_BUNDLE_IDENTIFIER = com.soso.ExpandableCellExample;
				PRODUCT_NAME = "$(TARGET_NAME)";
				SWIFT_VERSION = 5.0;
				TARGETED_DEVICE_FAMILY = "1,2";
			};
			name = Debug;
		};
		9CF16600241A5AD400719ED1 /* Release */ = {
			isa = XCBuildConfiguration;
			baseConfigurationReference = AE01142A03ED851817B5DFC3 /* Pods-ExpandableDynamicTableViewCellExample.release.xcconfig */;
			buildSettings = {
				ASSETCATALOG_COMPILER_APPICON_NAME = AppIcon;
				CODE_SIGN_STYLE = Automatic;
				DEVELOPMENT_TEAM = P37C4Y6Q82;
				INFOPLIST_FILE = ExpandableDynamicTableViewCellExample/Info.plist;
				LD_RUNPATH_SEARCH_PATHS = (
					"$(inherited)",
					"@executable_path/Frameworks",
				);
				PRODUCT_BUNDLE_IDENTIFIER = com.soso.ExpandableCellExample;
				PRODUCT_NAME = "$(TARGET_NAME)";
				SWIFT_VERSION = 5.0;
				TARGETED_DEVICE_FAMILY = "1,2";
			};
			name = Release;
		};
/* End XCBuildConfiguration section */

/* Begin XCConfigurationList section */
		9CF165E5241A5AD300719ED1 /* Build configuration list for PBXProject "ExpandableDynamicTableViewCellExample" */ = {
			isa = XCConfigurationList;
			buildConfigurations = (
				9CF165FC241A5AD400719ED1 /* Debug */,
				9CF165FD241A5AD400719ED1 /* Release */,
			);
			defaultConfigurationIsVisible = 0;
			defaultConfigurationName = Release;
		};
		9CF165FE241A5AD400719ED1 /* Build configuration list for PBXNativeTarget "ExpandableDynamicTableViewCellExample" */ = {
			isa = XCConfigurationList;
			buildConfigurations = (
				9CF165FF241A5AD400719ED1 /* Debug */,
				9CF16600241A5AD400719ED1 /* Release */,
			);
			defaultConfigurationIsVisible = 0;
			defaultConfigurationName = Release;
		};
/* End XCConfigurationList section */
	};
	rootObject = 9CF165E2241A5AD300719ED1 /* Project object */;
}
